
Microsoft Visual Studio Solution File, Format Version 12.00
# Visual Studio Version 17
VisualStudioVersion = 17.1.32407.343
MinimumVisualStudioVersion = 10.0.40219.1
Project("{FAE04EC0-301F-11D3-BF4B-00C04F79EFBC}") = "SharpFirstTask", "SharpFirstTask\SharpFirstTask.csproj", "{AB2A946E-BF7D-49F4-8DC8-3CAE94DF9263}"
EndProject
Global
	GlobalSection(SolutionConfigurationPlatforms) = preSolution
		Debug|Any CPU = Debug|Any CPU
		Release|Any CPU = Release|Any CPU
	EndGlobalSection
	GlobalSection(ProjectConfigurationPlatforms) = postSolution
		{AB2A946E-BF7D-49F4-8DC8-3CAE94DF9263}.Debug|Any CPU.ActiveCfg = Debug|Any CPU
		{AB2A946E-BF7D-49F4-8DC8-3CAE94DF9263}.Debug|Any CPU.Build.0 = Debug|Any CPU
		{AB2A946E-BF7D-49F4-8DC8-3CAE94DF9263}.Release|Any CPU.ActiveCfg = Release|Any CPU
		{AB2A946E-BF7D-49F4-8DC8-3CAE94DF9263}.Release|Any CPU.Build.0 = Release|Any CPU
	EndGlobalSection
	GlobalSection(SolutionProperties) = preSolution
		HideSolutionNode = FALSE
	EndGlobalSection
	GlobalSection(ExtensibilityGlobals) = postSolution
		SolutionGuid = {5B87120F-B26B-43F9-82F5-2BBF418418B5}
	EndGlobalSection
EndGlobal
